
Microsoft Visual Studio Solution File, Format Version 12.00
# Visual Studio Version 17
VisualStudioVersion = 17.3.32929.385
MinimumVisualStudioVersion = 10.0.40219.1
Project("{FAE04EC0-301F-11D3-BF4B-00C04F79EFBC}") = "MyFirstAPI", "MyFirstAPI\MyFirstAPI.csproj", "{AC44AAB9-12EC-473F-B5C1-0B54B7EA976F}"
EndProject
Global
	GlobalSection(SolutionConfigurationPlatforms) = preSolution
		Debug|Any CPU = Debug|Any CPU
		Release|Any CPU = Release|Any CPU
	EndGlobalSection
	GlobalSection(ProjectConfigurationPlatforms) = postSolution
		{AC44AAB9-12EC-473F-B5C1-0B54B7EA976F}.Debug|Any CPU.ActiveCfg = Debug|Any CPU
		{AC44AAB9-12EC-473F-B5C1-0B54B7EA976F}.Debug|Any CPU.Build.0 = Debug|Any CPU
		{AC44AAB9-12EC-473F-B5C1-0B54B7EA976F}.Release|Any CPU.ActiveCfg = Release|Any CPU
		{AC44AAB9-12EC-473F-B5C1-0B54B7EA976F}.Release|Any CPU.Build.0 = Release|Any CPU
	EndGlobalSection
	GlobalSection(SolutionProperties) = preSolution
		HideSolutionNode = FALSE
	EndGlobalSection
	GlobalSection(ExtensibilityGlobals) = postSolution
		SolutionGuid = {15CFAF3C-9F86-41F5-B171-D8E3072A519A}
	EndGlobalSection
EndGlobal
